
Microsoft Visual Studio Solution File, Format Version 12.00
# Visual Studio Version 17
VisualStudioVersion = 17.0.31903.59
MinimumVisualStudioVersion = 10.0.40219.1
Project("{2150E333-8FDC-42A3-9474-1A3956D46DE8}") = "src", "src", "{C91F7F62-2869-4425-AED8-A993E8C96B0B}"
EndProject
Project("{FAE04EC0-301F-11D3-BF4B-00C04F79EFBC}") = "Basket.API", "src\Basket.API\Basket.API.csproj", "{8177334E-CD0D-460C-87B5-1E633C69F063}"
EndProject
Project("{FAE04EC0-301F-11D3-BF4B-00C04F79EFBC}") = "Catalog.API", "src\Catalog.API\Catalog.API.csproj", "{80111B33-CBB5-4612-9A49-3660926284FD}"
EndProject
Project("{FAE04EC0-301F-11D3-BF4B-00C04F79EFBC}") = "Identity.API", "src\Identity.API\Identity.API.csproj", "{FC66DB94-0FF8-47FE-8558-D4D8BE259450}"
EndProject
Project("{FAE04EC0-301F-11D3-BF4B-00C04F79EFBC}") = "Ordering.API", "src\Ordering.API\Ordering.API.csproj", "{D6DC0828-9D2A-4401-A0D8-22FF1555A7F2}"
EndProject
Project("{2150E333-8FDC-42A3-9474-1A3956D46DE8}") = "tests", "tests", "{A734FE88-3980-4161-98A6-9B19D00F6203}"
EndProject
Project("{FAE04EC0-301F-11D3-BF4B-00C04F79EFBC}") = "Basket.API", "tests\Basket.API\Basket.API.csproj", "{1855B5E4-1662-448A-8D27-9D8C17BE2A55}"
EndProject
Project("{FAE04EC0-301F-11D3-BF4B-00C04F79EFBC}") = "Catalog.API", "tests\Catalog.API\Catalog.API.csproj", "{97B497AD-F550-4C40-BE32-E3B68BD06845}"
EndProject
Project("{FAE04EC0-301F-11D3-BF4B-00C04F79EFBC}") = "Identity.API", "tests\Identity.API\Identity.API.csproj", "{14575A70-890B-45E0-9E7F-352FF01FAD7E}"
EndProject
Project("{FAE04EC0-301F-11D3-BF4B-00C04F79EFBC}") = "Ordering.API", "tests\Ordering.API\Ordering.API.csproj", "{4C14EF8E-15C2-420E-965D-D54C3B773CED}"
EndProject
Global
	GlobalSection(SolutionConfigurationPlatforms) = preSolution
		Debug|Any CPU = Debug|Any CPU
		Release|Any CPU = Release|Any CPU
	EndGlobalSection
	GlobalSection(SolutionProperties) = preSolution
		HideSolutionNode = FALSE
	EndGlobalSection
	GlobalSection(ProjectConfigurationPlatforms) = postSolution
		{8177334E-CD0D-460C-87B5-1E633C69F063}.Debug|Any CPU.ActiveCfg = Debug|Any CPU
		{8177334E-CD0D-460C-87B5-1E633C69F063}.Debug|Any CPU.Build.0 = Debug|Any CPU
		{8177334E-CD0D-460C-87B5-1E633C69F063}.Release|Any CPU.ActiveCfg = Release|Any CPU
		{8177334E-CD0D-460C-87B5-1E633C69F063}.Release|Any CPU.Build.0 = Release|Any CPU
		{80111B33-CBB5-4612-9A49-3660926284FD}.Debug|Any CPU.ActiveCfg = Debug|Any CPU
		{80111B33-CBB5-4612-9A49-3660926284FD}.Debug|Any CPU.Build.0 = Debug|Any CPU
		{80111B33-CBB5-4612-9A49-3660926284FD}.Release|Any CPU.ActiveCfg = Release|Any CPU
		{80111B33-CBB5-4612-9A49-3660926284FD}.Release|Any CPU.Build.0 = Release|Any CPU
		{FC66DB94-0FF8-47FE-8558-D4D8BE259450}.Debug|Any CPU.ActiveCfg = Debug|Any CPU
		{FC66DB94-0FF8-47FE-8558-D4D8BE259450}.Debug|Any CPU.Build.0 = Debug|Any CPU
		{FC66DB94-0FF8-47FE-8558-D4D8BE259450}.Release|Any CPU.ActiveCfg = Release|Any CPU
		{FC66DB94-0FF8-47FE-8558-D4D8BE259450}.Release|Any CPU.Build.0 = Release|Any CPU
		{D6DC0828-9D2A-4401-A0D8-22FF1555A7F2}.Debug|Any CPU.ActiveCfg = Debug|Any CPU
		{D6DC0828-9D2A-4401-A0D8-22FF1555A7F2}.Debug|Any CPU.Build.0 = Debug|Any CPU
		{D6DC0828-9D2A-4401-A0D8-22FF1555A7F2}.Release|Any CPU.ActiveCfg = Release|Any CPU
		{D6DC0828-9D2A-4401-A0D8-22FF1555A7F2}.Release|Any CPU.Build.0 = Release|Any CPU
		{1855B5E4-1662-448A-8D27-9D8C17BE2A55}.Debug|Any CPU.ActiveCfg = Debug|Any CPU
		{1855B5E4-1662-448A-8D27-9D8C17BE2A55}.Debug|Any CPU.Build.0 = Debug|Any CPU
		{1855B5E4-1662-448A-8D27-9D8C17BE2A55}.Release|Any CPU.ActiveCfg = Release|Any CPU
		{1855B5E4-1662-448A-8D27-9D8C17BE2A55}.Release|Any CPU.Build.0 = Release|Any CPU
		{97B497AD-F550-4C40-BE32-E3B68BD06845}.Debug|Any CPU.ActiveCfg = Debug|Any CPU
		{97B497AD-F550-4C40-BE32-E3B68BD06845}.Debug|Any CPU.Build.0 = Debug|Any CPU
		{97B497AD-F550-4C40-BE32-E3B68BD06845}.Release|Any CPU.ActiveCfg = Release|Any CPU
		{97B497AD-F550-4C40-BE32-E3B68BD06845}.Release|Any CPU.Build.0 = Release|Any CPU
		{14575A70-890B-45E0-9E7F-352FF01FAD7E}.Debug|Any CPU.ActiveCfg = Debug|Any CPU
		{14575A70-890B-45E0-9E7F-352FF01FAD7E}.Debug|Any CPU.Build.0 = Debug|Any CPU
		{14575A70-890B-45E0-9E7F-352FF01FAD7E}.Release|Any CPU.ActiveCfg = Release|Any CPU
		{14575A70-890B-45E0-9E7F-352FF01FAD7E}.Release|Any CPU.Build.0 = Release|Any CPU
		{4C14EF8E-15C2-420E-965D-D54C3B773CED}.Debug|Any CPU.ActiveCfg = Debug|Any CPU
		{4C14EF8E-15C2-420E-965D-D54C3B773CED}.Debug|Any CPU.Build.0 = Debug|Any CPU
		{4C14EF8E-15C2-420E-965D-D54C3B773CED}.Release|Any CPU.ActiveCfg = Release|Any CPU
		{4C14EF8E-15C2-420E-965D-D54C3B773CED}.Release|Any CPU.Build.0 = Release|Any CPU
	EndGlobalSection
	GlobalSection(NestedProjects) = preSolution
		{8177334E-CD0D-460C-87B5-1E633C69F063} = {C91F7F62-2869-4425-AED8-A993E8C96B0B}
		{80111B33-CBB5-4612-9A49-3660926284FD} = {C91F7F62-2869-4425-AED8-A993E8C96B0B}
		{FC66DB94-0FF8-47FE-8558-D4D8BE259450} = {C91F7F62-2869-4425-AED8-A993E8C96B0B}
		{D6DC0828-9D2A-4401-A0D8-22FF1555A7F2} = {C91F7F62-2869-4425-AED8-A993E8C96B0B}
		{1855B5E4-1662-448A-8D27-9D8C17BE2A55} = {A734FE88-3980-4161-98A6-9B19D00F6203}
		{97B497AD-F550-4C40-BE32-E3B68BD06845} = {A734FE88-3980-4161-98A6-9B19D00F6203}
		{14575A70-890B-45E0-9E7F-352FF01FAD7E} = {A734FE88-3980-4161-98A6-9B19D00F6203}
		{4C14EF8E-15C2-420E-965D-D54C3B773CED} = {A734FE88-3980-4161-98A6-9B19D00F6203}
	EndGlobalSection
EndGlobal
